// !$*UTF8*$!
{
	archiveVersion = 1;
	classes = {
	};
	objectVersion = 56;
	objects = {

/* Begin PBXBuildFile section */
		4E6331BF29CC2CFD001E1D0D /* AppDelegate.swift in Sources */ = {isa = PBXBuildFile; fileRef = 4E6331BE29CC2CFD001E1D0D /* AppDelegate.swift */; };
		4E6331C129CC2CFD001E1D0D /* SceneDelegate.swift in Sources */ = {isa = PBXBuildFile; fileRef = 4E6331C029CC2CFD001E1D0D /* SceneDelegate.swift */; };
		4E6331C829CC2CFE001E1D0D /* Assets.xcassets in Resources */ = {isa = PBXBuildFile; fileRef = 4E6331C729CC2CFE001E1D0D /* Assets.xcassets */; };
		4E6331CB29CC2CFE001E1D0D /* LaunchScreen.storyboard in Resources */ = {isa = PBXBuildFile; fileRef = 4E6331C929CC2CFE001E1D0D /* LaunchScreen.storyboard */; };
		4E6331D429CC2E0F001E1D0D /* MainViewController.swift in Sources */ = {isa = PBXBuildFile; fileRef = 4E6331D229CC2E0F001E1D0D /* MainViewController.swift */; };
		4E6331D529CC2E0F001E1D0D /* MainViewController.xib in Resources */ = {isa = PBXBuildFile; fileRef = 4E6331D329CC2E0F001E1D0D /* MainViewController.xib */; };
		4E6331D829CC38C7001E1D0D /* StoreKit.framework in Frameworks */ = {isa = PBXBuildFile; fileRef = 4E6331D729CC38C7001E1D0D /* StoreKit.framework */; };
		4E6331DC29CC414F001E1D0D /* StoreKit2Manager.swift in Sources */ = {isa = PBXBuildFile; fileRef = 4E6331DB29CC414F001E1D0D /* StoreKit2Manager.swift */; };
		4EF47F6529D0A54E002C5182 /* StoreKit2ViewController.swift in Sources */ = {isa = PBXBuildFile; fileRef = 4EF47F6329D0A54E002C5182 /* StoreKit2ViewController.swift */; };
		4EF47F6629D0A54E002C5182 /* StoreKit2ViewController.xib in Resources */ = {isa = PBXBuildFile; fileRef = 4EF47F6429D0A54E002C5182 /* StoreKit2ViewController.xib */; };
		4EF47F6929D0A724002C5182 /* ProductTableViewCell.swift in Sources */ = {isa = PBXBuildFile; fileRef = 4EF47F6729D0A724002C5182 /* ProductTableViewCell.swift */; };
		4EF47F6A29D0A724002C5182 /* ProductTableViewCell.xib in Resources */ = {isa = PBXBuildFile; fileRef = 4EF47F6829D0A724002C5182 /* ProductTableViewCell.xib */; };
/* End PBXBuildFile section */

/* Begin PBXFileReference section */
		4E6331BB29CC2CFD001E1D0D /* Store-Kit2_Practise.app */ = {isa = PBXFileReference; explicitFileType = wrapper.application; includeInIndex = 0; path = "Store-Kit2_Practise.app"; sourceTree = BUILT_PRODUCTS_DIR; };
		4E6331BE29CC2CFD001E1D0D /* AppDelegate.swift */ = {isa = PBXFileReference; lastKnownFileType = sourcecode.swift; path = AppDelegate.swift; sourceTree = "<group>"; };
		4E6331C029CC2CFD001E1D0D /* SceneDelegate.swift */ = {isa = PBXFileReference; lastKnownFileType = sourcecode.swift; path = SceneDelegate.swift; sourceTree = "<group>"; };
		4E6331C729CC2CFE001E1D0D /* Assets.xcassets */ = {isa = PBXFileReference; lastKnownFileType = folder.assetcatalog; path = Assets.xcassets; sourceTree = "<group>"; };
		4E6331CA29CC2CFE001E1D0D /* Base */ = {isa = PBXFileReference; lastKnownFileType = file.storyboard; name = Base; path = Base.lproj/LaunchScreen.storyboard; sourceTree = "<group>"; };
		4E6331CC29CC2CFE001E1D0D /* Info.plist */ = {isa = PBXFileReference; lastKnownFileType = text.plist.xml; path = Info.plist; sourceTree = "<group>"; };
		4E6331D229CC2E0F001E1D0D /* MainViewController.swift */ = {isa = PBXFileReference; lastKnownFileType = sourcecode.swift; path = MainViewController.swift; sourceTree = "<group>"; };
		4E6331D329CC2E0F001E1D0D /* MainViewController.xib */ = {isa = PBXFileReference; lastKnownFileType = file.xib; path = MainViewController.xib; sourceTree = "<group>"; };
		4E6331D729CC38C7001E1D0D /* StoreKit.framework */ = {isa = PBXFileReference; lastKnownFileType = wrapper.framework; name = StoreKit.framework; path = System/Library/Frameworks/StoreKit.framework; sourceTree = SDKROOT; };
		4E6331D929CC3B91001E1D0D /* Purchase.storekit */ = {isa = PBXFileReference; lastKnownFileType = text; path = Purchase.storekit; sourceTree = "<group>"; };
		4E6331DB29CC414F001E1D0D /* StoreKit2Manager.swift */ = {isa = PBXFileReference; lastKnownFileType = sourcecode.swift; path = StoreKit2Manager.swift; sourceTree = "<group>"; };
		4EF47F6329D0A54E002C5182 /* StoreKit2ViewController.swift */ = {isa = PBXFileReference; lastKnownFileType = sourcecode.swift; path = StoreKit2ViewController.swift; sourceTree = "<group>"; };
		4EF47F6429D0A54E002C5182 /* StoreKit2ViewController.xib */ = {isa = PBXFileReference; lastKnownFileType = file.xib; path = StoreKit2ViewController.xib; sourceTree = "<group>"; };
		4EF47F6729D0A724002C5182 /* ProductTableViewCell.swift */ = {isa = PBXFileReference; lastKnownFileType = sourcecode.swift; path = ProductTableViewCell.swift; sourceTree = "<group>"; };
		4EF47F6829D0A724002C5182 /* ProductTableViewCell.xib */ = {isa = PBXFileReference; lastKnownFileType = file.xib; path = ProductTableViewCell.xib; sourceTree = "<group>"; };
/* End PBXFileReference section */

/* Begin PBXFrameworksBuildPhase section */
		4E6331B829CC2CFD001E1D0D /* Frameworks */ = {
			isa = PBXFrameworksBuildPhase;
			buildActionMask = 2147483647;
			files = (
				4E6331D829CC38C7001E1D0D /* StoreKit.framework in Frameworks */,
			);
			runOnlyForDeploymentPostprocessing = 0;
		};
/* End PBXFrameworksBuildPhase section */

/* Begin PBXGroup section */
		4E6331B229CC2CFD001E1D0D = {
			isa = PBXGroup;
			children = (
				4E6331BD29CC2CFD001E1D0D /* Store-Kit2_Practise */,
				4E6331BC29CC2CFD001E1D0D /* Products */,
				4E6331D629CC38C7001E1D0D /* Frameworks */,
			);
			sourceTree = "<group>";
		};
		4E6331BC29CC2CFD001E1D0D /* Products */ = {
			isa = PBXGroup;
			children = (
				4E6331BB29CC2CFD001E1D0D /* Store-Kit2_Practise.app */,
			);
			name = Products;
			sourceTree = "<group>";
		};
		4E6331BD29CC2CFD001E1D0D /* Store-Kit2_Practise */ = {
			isa = PBXGroup;
			children = (
				4EF47F6229D0A531002C5182 /* StoreKit2VC */,
				4EF47F6129D0A50B002C5182 /* StoreKitVC */,
				4E6331DA29CC4118001E1D0D /* APP_Purchase */,
				4E6331BE29CC2CFD001E1D0D /* AppDelegate.swift */,
				4E6331C029CC2CFD001E1D0D /* SceneDelegate.swift */,
				4E6331C729CC2CFE001E1D0D /* Assets.xcassets */,
				4E6331C929CC2CFE001E1D0D /* LaunchScreen.storyboard */,
				4E6331CC29CC2CFE001E1D0D /* Info.plist */,
			);
			path = "Store-Kit2_Practise";
			sourceTree = "<group>";
		};
		4E6331D629CC38C7001E1D0D /* Frameworks */ = {
			isa = PBXGroup;
			children = (
				4E6331D729CC38C7001E1D0D /* StoreKit.framework */,
			);
			name = Frameworks;
			sourceTree = "<group>";
		};
		4E6331DA29CC4118001E1D0D /* APP_Purchase */ = {
			isa = PBXGroup;
			children = (
				4E6331D929CC3B91001E1D0D /* Purchase.storekit */,
				4E6331DB29CC414F001E1D0D /* StoreKit2Manager.swift */,
			);
			path = APP_Purchase;
			sourceTree = "<group>";
		};
		4EF47F6129D0A50B002C5182 /* StoreKitVC */ = {
			isa = PBXGroup;
			children = (
				4E6331D229CC2E0F001E1D0D /* MainViewController.swift */,
				4E6331D329CC2E0F001E1D0D /* MainViewController.xib */,
			);
			path = StoreKitVC;
			sourceTree = "<group>";
		};
		4EF47F6229D0A531002C5182 /* StoreKit2VC */ = {
			isa = PBXGroup;
			children = (
				4EF47F6329D0A54E002C5182 /* StoreKit2ViewController.swift */,
				4EF47F6429D0A54E002C5182 /* StoreKit2ViewController.xib */,
				4EF47F6729D0A724002C5182 /* ProductTableViewCell.swift */,
				4EF47F6829D0A724002C5182 /* ProductTableViewCell.xib */,
			);
			path = StoreKit2VC;
			sourceTree = "<group>";
		};
/* End PBXGroup section */

/* Begin PBXNativeTarget section */
		4E6331BA29CC2CFD001E1D0D /* Store-Kit2_Practise */ = {
			isa = PBXNativeTarget;
			buildConfigurationList = 4E6331CF29CC2CFE001E1D0D /* Build configuration list for PBXNativeTarget "Store-Kit2_Practise" */;
			buildPhases = (
				4E6331B729CC2CFD001E1D0D /* Sources */,
				4E6331B829CC2CFD001E1D0D /* Frameworks */,
				4E6331B929CC2CFD001E1D0D /* Resources */,
			);
			buildRules = (
			);
			dependencies = (
			);
			name = "Store-Kit2_Practise";
			productName = "Store-Kit2_Practise";
			productReference = 4E6331BB29CC2CFD001E1D0D /* Store-Kit2_Practise.app */;
			productType = "com.apple.product-type.application";
		};
/* End PBXNativeTarget section */

/* Begin PBXProject section */
		4E6331B329CC2CFD001E1D0D /* Project object */ = {
			isa = PBXProject;
			attributes = {
				BuildIndependentTargetsInParallel = 1;
				LastSwiftUpdateCheck = 1410;
				LastUpgradeCheck = 1410;
				TargetAttributes = {
					4E6331BA29CC2CFD001E1D0D = {
						CreatedOnToolsVersion = 14.1;
					};
				};
			};
			buildConfigurationList = 4E6331B629CC2CFD001E1D0D /* Build configuration list for PBXProject "Store-Kit2_Practise" */;
			compatibilityVersion = "Xcode 14.0";
			developmentRegion = en;
			hasScannedForEncodings = 0;
			knownRegions = (
				en,
				Base,
			);
			mainGroup = 4E6331B229CC2CFD001E1D0D;
			productRefGroup = 4E6331BC29CC2CFD001E1D0D /* Products */;
			projectDirPath = "";
			projectRoot = "";
			targets = (
				4E6331BA29CC2CFD001E1D0D /* Store-Kit2_Practise */,
			);
		};
/* End PBXProject section */

/* Begin PBXResourcesBuildPhase section */
		4E6331B929CC2CFD001E1D0D /* Resources */ = {
			isa = PBXResourcesBuildPhase;
			buildActionMask = 2147483647;
			files = (
				4E6331CB29CC2CFE001E1D0D /* LaunchScreen.storyboard in Resources */,
				4E6331D529CC2E0F001E1D0D /* MainViewController.xib in Resources */,
				4EF47F6A29D0A724002C5182 /* ProductTableViewCell.xib in Resources */,
				4EF47F6629D0A54E002C5182 /* StoreKit2ViewController.xib in Resources */,
				4E6331C829CC2CFE001E1D0D /* Assets.xcassets in Resources */,
			);
			runOnlyForDeploymentPostprocessing = 0;
		};
/* End PBXResourcesBuildPhase section */

/* Begin PBXSourcesBuildPhase section */
		4E6331B729CC2CFD001E1D0D /* Sources */ = {
			isa = PBXSourcesBuildPhase;
			buildActionMask = 2147483647;
			files = (
				4E6331D429CC2E0F001E1D0D /* MainViewController.swift in Sources */,
				4EF47F6529D0A54E002C5182 /* StoreKit2ViewController.swift in Sources */,
				4E6331DC29CC414F001E1D0D /* StoreKit2Manager.swift in Sources */,
				4E6331BF29CC2CFD001E1D0D /* AppDelegate.swift in Sources */,
				4E6331C129CC2CFD001E1D0D /* SceneDelegate.swift in Sources */,
				4EF47F6929D0A724002C5182 /* ProductTableViewCell.swift in Sources */,
			);
			runOnlyForDeploymentPostprocessing = 0;
		};
/* End PBXSourcesBuildPhase section */

/* Begin PBXVariantGroup section */
		4E6331C929CC2CFE001E1D0D /* LaunchScreen.storyboard */ = {
			isa = PBXVariantGroup;
			children = (
				4E6331CA29CC2CFE001E1D0D /* Base */,
			);
			name = LaunchScreen.storyboard;
			sourceTree = "<group>";
		};
/* End PBXVariantGroup section */

/* Begin XCBuildConfiguration section */
		4E6331CD29CC2CFE001E1D0D /* Debug */ = {
			isa = XCBuildConfiguration;
			buildSettings = {
				ALWAYS_SEARCH_USER_PATHS = NO;
				CLANG_ANALYZER_NONNULL = YES;
				CLANG_ANALYZER_NUMBER_OBJECT_CONVERSION = YES_AGGRESSIVE;
				CLANG_CXX_LANGUAGE_STANDARD = "gnu++20";
				CLANG_ENABLE_MODULES = YES;
				CLANG_ENABLE_OBJC_ARC = YES;
				CLANG_ENABLE_OBJC_WEAK = YES;
				CLANG_WARN_BLOCK_CAPTURE_AUTORELEASING = YES;
				CLANG_WARN_BOOL_CONVERSION = YES;
				CLANG_WARN_COMMA = YES;
				CLANG_WARN_CONSTANT_CONVERSION = YES;
				CLANG_WARN_DEPRECATED_OBJC_IMPLEMENTATIONS = YES;
				CLANG_WARN_DIRECT_OBJC_ISA_USAGE = YES_ERROR;
				CLANG_WARN_DOCUMENTATION_COMMENTS = YES;
				CLANG_WARN_EMPTY_BODY = YES;
				CLANG_WARN_ENUM_CONVERSION = YES;
				CLANG_WARN_INFINITE_RECURSION = YES;
				CLANG_WARN_INT_CONVERSION = YES;
				CLANG_WARN_NON_LITERAL_NULL_CONVERSION = YES;
				CLANG_WARN_OBJC_IMPLICIT_RETAIN_SELF = YES;
				CLANG_WARN_OBJC_LITERAL_CONVERSION = YES;
				CLANG_WARN_OBJC_ROOT_CLASS = YES_ERROR;
				CLANG_WARN_QUOTED_INCLUDE_IN_FRAMEWORK_HEADER = YES;
				CLANG_WARN_RANGE_LOOP_ANALYSIS = YES;
				CLANG_WARN_STRICT_PROTOTYPES = YES;
				CLANG_WARN_SUSPICIOUS_MOVE = YES;
				CLANG_WARN_UNGUARDED_AVAILABILITY = YES_AGGRESSIVE;
				CLANG_WARN_UNREACHABLE_CODE = YES;
				CLANG_WARN__DUPLICATE_METHOD_MATCH = YES;
				COPY_PHASE_STRIP = NO;
				DEBUG_INFORMATION_FORMAT = dwarf;
				ENABLE_STRICT_OBJC_MSGSEND = YES;
				ENABLE_TESTABILITY = YES;
				GCC_C_LANGUAGE_STANDARD = gnu11;
				GCC_DYNAMIC_NO_PIC = NO;
				GCC_NO_COMMON_BLOCKS = YES;
				GCC_OPTIMIZATION_LEVEL = 0;
				GCC_PREPROCESSOR_DEFINITIONS = (
					"DEBUG=1",
					"$(inherited)",
				);
				GCC_WARN_64_TO_32_BIT_CONVERSION = YES;
				GCC_WARN_ABOUT_RETURN_TYPE = YES_ERROR;
				GCC_WARN_UNDECLARED_SELECTOR = YES;
				GCC_WARN_UNINITIALIZED_AUTOS = YES_AGGRESSIVE;
				GCC_WARN_UNUSED_FUNCTION = YES;
				GCC_WARN_UNUSED_VARIABLE = YES;
				IPHONEOS_DEPLOYMENT_TARGET = 16.1;
				MTL_ENABLE_DEBUG_INFO = INCLUDE_SOURCE;
				MTL_FAST_MATH = YES;
				ONLY_ACTIVE_ARCH = YES;
				SDKROOT = iphoneos;
				SWIFT_ACTIVE_COMPILATION_CONDITIONS = DEBUG;
				SWIFT_OPTIMIZATION_LEVEL = "-Onone";
			};
			name = Debug;
		};
		4E6331CE29CC2CFE001E1D0D /* Release */ = {
			isa = XCBuildConfiguration;
			buildSettings = {
				ALWAYS_SEARCH_USER_PATHS = NO;
				CLANG_ANALYZER_NONNULL = YES;
				CLANG_ANALYZER_NUMBER_OBJECT_CONVERSION = YES_AGGRESSIVE;
				CLANG_CXX_LANGUAGE_STANDARD = "gnu++20";
				CLANG_ENABLE_MODULES = YES;
				CLANG_ENABLE_OBJC_ARC = YES;
				CLANG_ENABLE_OBJC_WEAK = YES;
				CLANG_WARN_BLOCK_CAPTURE_AUTORELEASING = YES;
				CLANG_WARN_BOOL_CONVERSION = YES;
				CLANG_WARN_COMMA = YES;
				CLANG_WARN_CONSTANT_CONVERSION = YES;
				CLANG_WARN_DEPRECATED_OBJC_IMPLEMENTATIONS = YES;
				CLANG_WARN_DIRECT_OBJC_ISA_USAGE = YES_ERROR;
				CLANG_WARN_DOCUMENTATION_COMMENTS = YES;
				CLANG_WARN_EMPTY_BODY = YES;
				CLANG_WARN_ENUM_CONVERSION = YES;
				CLANG_WARN_INFINITE_RECURSION = YES;
				CLANG_WARN_INT_CONVERSION = YES;
				CLANG_WARN_NON_LITERAL_NULL_CONVERSION = YES;
				CLANG_WARN_OBJC_IMPLICIT_RETAIN_SELF = YES;
				CLANG_WARN_OBJC_LITERAL_CONVERSION = YES;
				CLANG_WARN_OBJC_ROOT_CLASS = YES_ERROR;
				CLANG_WARN_QUOTED_INCLUDE_IN_FRAMEWORK_HEADER = YES;
				CLANG_WARN_RANGE_LOOP_ANALYSIS = YES;
				CLANG_WARN_STRICT_PROTOTYPES = YES;
				CLANG_WARN_SUSPICIOUS_MOVE = YES;
				CLANG_WARN_UNGUARDED_AVAILABILITY = YES_AGGRESSIVE;
				CLANG_WARN_UNREACHABLE_CODE = YES;
				CLANG_WARN__DUPLICATE_METHOD_MATCH = YES;
				COPY_PHASE_STRIP = NO;
				DEBUG_INFORMATION_FORMAT = "dwarf-with-dsym";
				ENABLE_NS_ASSERTIONS = NO;
				ENABLE_STRICT_OBJC_MSGSEND = YES;
				GCC_C_LANGUAGE_STANDARD = gnu11;
				GCC_NO_COMMON_BLOCKS = YES;
				GCC_WARN_64_TO_32_BIT_CONVERSION = YES;
				GCC_WARN_ABOUT_RETURN_TYPE = YES_ERROR;
				GCC_WARN_UNDECLARED_SELECTOR = YES;
				GCC_WARN_UNINITIALIZED_AUTOS = YES_AGGRESSIVE;
				GCC_WARN_UNUSED_FUNCTION = YES;
				GCC_WARN_UNUSED_VARIABLE = YES;
				IPHONEOS_DEPLOYMENT_TARGET = 16.1;
				MTL_ENABLE_DEBUG_INFO = NO;
				MTL_FAST_MATH = YES;
				SDKROOT = iphoneos;
				SWIFT_COMPILATION_MODE = wholemodule;
				SWIFT_OPTIMIZATION_LEVEL = "-O";
				VALIDATE_PRODUCT = YES;
			};
			name = Release;
		};
		4E6331D029CC2CFE001E1D0D /* Debug */ = {
			isa = XCBuildConfiguration;
			buildSettings = {
				ASSETCATALOG_COMPILER_APPICON_NAME = AppIcon;
				ASSETCATALOG_COMPILER_GLOBAL_ACCENT_COLOR_NAME = AccentColor;
				CODE_SIGN_STYLE = Automatic;
				CURRENT_PROJECT_VERSION = 1;
				DEVELOPMENT_TEAM = S8FBP4YLUA;
				GENERATE_INFOPLIST_FILE = YES;
				INFOPLIST_FILE = "Store-Kit2_Practise/Info.plist";
				INFOPLIST_KEY_UIApplicationSupportsIndirectInputEvents = YES;
				INFOPLIST_KEY_UILaunchStoryboardName = LaunchScreen;
				INFOPLIST_KEY_UISupportedInterfaceOrientations_iPad = "UIInterfaceOrientationPortrait UIInterfaceOrientationPortraitUpsideDown UIInterfaceOrientationLandscapeLeft UIInterfaceOrientationLandscapeRight";
				INFOPLIST_KEY_UISupportedInterfaceOrientations_iPhone = "UIInterfaceOrientationPortrait UIInterfaceOrientationLandscapeLeft UIInterfaceOrientationLandscapeRight";
				LD_RUNPATH_SEARCH_PATHS = (
					"$(inherited)",
					"@executable_path/Frameworks",
				);
				MARKETING_VERSION = 1.0;
				PRODUCT_BUNDLE_IDENTIFIER = "practise.Store-Kit2-Practise";
				PRODUCT_NAME = "$(TARGET_NAME)";
				SWIFT_EMIT_LOC_STRINGS = YES;
				SWIFT_VERSION = 5.0;
				TARGETED_DEVICE_FAMILY = "1,2";
			};
			name = Debug;
		};
		4E6331D129CC2CFE001E1D0D /* Release */ = {
			isa = XCBuildConfiguration;
			buildSettings = {
				ASSETCATALOG_COMPILER_APPICON_NAME = AppIcon;
				ASSETCATALOG_COMPILER_GLOBAL_ACCENT_COLOR_NAME = AccentColor;
				CODE_SIGN_STYLE = Automatic;
				CURRENT_PROJECT_VERSION = 1;
				DEVELOPMENT_TEAM = S8FBP4YLUA;
				GENERATE_INFOPLIST_FILE = YES;
				INFOPLIST_FILE = "Store-Kit2_Practise/Info.plist";
				INFOPLIST_KEY_UIApplicationSupportsIndirectInputEvents = YES;
				INFOPLIST_KEY_UILaunchStoryboardName = LaunchScreen;
				INFOPLIST_KEY_UISupportedInterfaceOrientations_iPad = "UIInterfaceOrientationPortrait UIInterfaceOrientationPortraitUpsideDown UIInterfaceOrientationLandscapeLeft UIInterfaceOrientationLandscapeRight";
				INFOPLIST_KEY_UISupportedInterfaceOrientations_iPhone = "UIInterfaceOrientationPortrait UIInterfaceOrientationLandscapeLeft UIInterfaceOrientationLandscapeRight";
				LD_RUNPATH_SEARCH_PATHS = (
					"$(inherited)",
					"@executable_path/Frameworks",
				);
				MARKETING_VERSION = 1.0;
				PRODUCT_BUNDLE_IDENTIFIER = "practise.Store-Kit2-Practise";
				PRODUCT_NAME = "$(TARGET_NAME)";
				SWIFT_EMIT_LOC_STRINGS = YES;
				SWIFT_VERSION = 5.0;
				TARGETED_DEVICE_FAMILY = "1,2";
			};
			name = Release;
		};
/* End XCBuildConfiguration section */

/* Begin XCConfigurationList section */
		4E6331B629CC2CFD001E1D0D /* Build configuration list for PBXProject "Store-Kit2_Practise" */ = {
			isa = XCConfigurationList;
			buildConfigurations = (
				4E6331CD29CC2CFE001E1D0D /* Debug */,
				4E6331CE29CC2CFE001E1D0D /* Release */,
			);
			defaultConfigurationIsVisible = 0;
			defaultConfigurationName = Release;
		};
		4E6331CF29CC2CFE001E1D0D /* Build configuration list for PBXNativeTarget "Store-Kit2_Practise" */ = {
			isa = XCConfigurationList;
			buildConfigurations = (
				4E6331D029CC2CFE001E1D0D /* Debug */,
				4E6331D129CC2CFE001E1D0D /* Release */,
			);
			defaultConfigurationIsVisible = 0;
			defaultConfigurationName = Release;
		};
/* End XCConfigurationList section */
	};
	rootObject = 4E6331B329CC2CFD001E1D0D /* Project object */;
}
